
Microsoft Visual Studio Solution File, Format Version 12.00
# Visual Studio Version 16
VisualStudioVersion = 16.0.33328.57
MinimumVisualStudioVersion = 10.0.40219.1
Project("{FAE04EC0-301F-11D3-BF4B-00C04F79EFBC}") = "MyMapObjectDemo", "MyMapObjectDemo.csproj", "{CB68AA68-790D-4BF1-A534-56371181FD3D}"
EndProject
Project("{FAE04EC0-301F-11D3-BF4B-00C04F79EFBC}") = "MyMapObjects", "..\MyMapObjects\MyMapObjects.csproj", "{55C04848-FE75-48C2-9262-A8B6669FEAD7}"
EndProject
Global
	GlobalSection(SolutionConfigurationPlatforms) = preSolution
		Debug|Any CPU = Debug|Any CPU
		Release|Any CPU = Release|Any CPU
	EndGlobalSection
	GlobalSection(ProjectConfigurationPlatforms) = postSolution
		{CB68AA68-790D-4BF1-A534-56371181FD3D}.Debug|Any CPU.ActiveCfg = Debug|Any CPU
		{CB68AA68-790D-4BF1-A534-56371181FD3D}.Debug|Any CPU.Build.0 = Debug|Any CPU
		{CB68AA68-790D-4BF1-A534-56371181FD3D}.Release|Any CPU.ActiveCfg = Release|Any CPU
		{CB68AA68-790D-4BF1-A534-56371181FD3D}.Release|Any CPU.Build.0 = Release|Any CPU
		{55C04848-FE75-48C2-9262-A8B6669FEAD7}.Debug|Any CPU.ActiveCfg = Debug|Any CPU
		{55C04848-FE75-48C2-9262-A8B6669FEAD7}.Debug|Any CPU.Build.0 = Debug|Any CPU
		{55C04848-FE75-48C2-9262-A8B6669FEAD7}.Release|Any CPU.ActiveCfg = Release|Any CPU
		{55C04848-FE75-48C2-9262-A8B6669FEAD7}.Release|Any CPU.Build.0 = Release|Any CPU
	EndGlobalSection
	GlobalSection(SolutionProperties) = preSolution
		HideSolutionNode = FALSE
	EndGlobalSection
	GlobalSection(ExtensibilityGlobals) = postSolution
		SolutionGuid = {496CF939-ACEE-4A53-8637-B4736FD4B056}
	EndGlobalSection
EndGlobal
